// !$*UTF8*$!
{
	archiveVersion = 1;
	classes = {
	};
	objectVersion = 52;
	objects = {

/* Begin PBXBuildFile section */
		6A26DDED267107B400B12DF2 /* SwiftPagingDemoCommons in Frameworks */ = {isa = PBXBuildFile; productRef = 6A26DDEC267107B400B12DF2 /* SwiftPagingDemoCommons */; };
		6A4068F0266663FA00C913D0 /* CombineDataSources in Frameworks */ = {isa = PBXBuildFile; productRef = 6A4068EF266663FA00C913D0 /* CombineDataSources */; };
		6A82EE6F2664DD42005DCCE9 /* AppDelegate.swift in Sources */ = {isa = PBXBuildFile; fileRef = 6A82EE6E2664DD42005DCCE9 /* AppDelegate.swift */; };
		6A82EE712664DD42005DCCE9 /* SceneDelegate.swift in Sources */ = {isa = PBXBuildFile; fileRef = 6A82EE702664DD42005DCCE9 /* SceneDelegate.swift */; };
		6A82EE732664DD42005DCCE9 /* ViewController.swift in Sources */ = {isa = PBXBuildFile; fileRef = 6A82EE722664DD42005DCCE9 /* ViewController.swift */; };
		6A82EE762664DD42005DCCE9 /* Main.storyboard in Resources */ = {isa = PBXBuildFile; fileRef = 6A82EE742664DD42005DCCE9 /* Main.storyboard */; };
		6A82EE792664DD42005DCCE9 /* SwiftPagingDemo.xcdatamodeld in Sources */ = {isa = PBXBuildFile; fileRef = 6A82EE772664DD42005DCCE9 /* SwiftPagingDemo.xcdatamodeld */; };
		6A82EE7B2664DD43005DCCE9 /* Assets.xcassets in Resources */ = {isa = PBXBuildFile; fileRef = 6A82EE7A2664DD43005DCCE9 /* Assets.xcassets */; };
		6A82EE7E2664DD43005DCCE9 /* LaunchScreen.storyboard in Resources */ = {isa = PBXBuildFile; fileRef = 6A82EE7C2664DD43005DCCE9 /* LaunchScreen.storyboard */; };
		6A82EE882664DDA6005DCCE9 /* SwiftPaging in Frameworks */ = {isa = PBXBuildFile; productRef = 6A82EE872664DDA6005DCCE9 /* SwiftPaging */; };
/* End PBXBuildFile section */

/* Begin PBXFileReference section */
		6A26DDEB2671078900B12DF2 /* SwiftPagingDemoCommons */ = {isa = PBXFileReference; lastKnownFileType = folder; name = SwiftPagingDemoCommons; path = ../SwiftPagingDemoCommons; sourceTree = "<group>"; };
		6A82EE6B2664DD42005DCCE9 /* SwiftPagingDemo.app */ = {isa = PBXFileReference; explicitFileType = wrapper.application; includeInIndex = 0; path = SwiftPagingDemo.app; sourceTree = BUILT_PRODUCTS_DIR; };
		6A82EE6E2664DD42005DCCE9 /* AppDelegate.swift */ = {isa = PBXFileReference; lastKnownFileType = sourcecode.swift; path = AppDelegate.swift; sourceTree = "<group>"; };
		6A82EE702664DD42005DCCE9 /* SceneDelegate.swift */ = {isa = PBXFileReference; lastKnownFileType = sourcecode.swift; path = SceneDelegate.swift; sourceTree = "<group>"; };
		6A82EE722664DD42005DCCE9 /* ViewController.swift */ = {isa = PBXFileReference; lastKnownFileType = sourcecode.swift; path = ViewController.swift; sourceTree = "<group>"; };
		6A82EE752664DD42005DCCE9 /* Base */ = {isa = PBXFileReference; lastKnownFileType = file.storyboard; name = Base; path = Base.lproj/Main.storyboard; sourceTree = "<group>"; };
		6A82EE782664DD42005DCCE9 /* SwiftPagingDemo.xcdatamodel */ = {isa = PBXFileReference; lastKnownFileType = wrapper.xcdatamodel; path = SwiftPagingDemo.xcdatamodel; sourceTree = "<group>"; };
		6A82EE7A2664DD43005DCCE9 /* Assets.xcassets */ = {isa = PBXFileReference; lastKnownFileType = folder.assetcatalog; path = Assets.xcassets; sourceTree = "<group>"; };
		6A82EE7D2664DD43005DCCE9 /* Base */ = {isa = PBXFileReference; lastKnownFileType = file.storyboard; name = Base; path = Base.lproj/LaunchScreen.storyboard; sourceTree = "<group>"; };
		6A82EE7F2664DD43005DCCE9 /* Info.plist */ = {isa = PBXFileReference; lastKnownFileType = text.plist.xml; path = Info.plist; sourceTree = "<group>"; };
/* End PBXFileReference section */

/* Begin PBXFrameworksBuildPhase section */
		6A82EE682664DD42005DCCE9 /* Frameworks */ = {
			isa = PBXFrameworksBuildPhase;
			buildActionMask = 2147483647;
			files = (
				6A82EE882664DDA6005DCCE9 /* SwiftPaging in Frameworks */,
				6A26DDED267107B400B12DF2 /* SwiftPagingDemoCommons in Frameworks */,
				6A4068F0266663FA00C913D0 /* CombineDataSources in Frameworks */,
			);
			runOnlyForDeploymentPostprocessing = 0;
		};
/* End PBXFrameworksBuildPhase section */

/* Begin PBXGroup section */
		6A82EE622664DD42005DCCE9 = {
			isa = PBXGroup;
			children = (
				6A26DDEB2671078900B12DF2 /* SwiftPagingDemoCommons */,
				6A82EE6D2664DD42005DCCE9 /* SwiftPagingDemo */,
				6A82EE6C2664DD42005DCCE9 /* Products */,
				6A82EE862664DDA6005DCCE9 /* Frameworks */,
			);
			sourceTree = "<group>";
		};
		6A82EE6C2664DD42005DCCE9 /* Products */ = {
			isa = PBXGroup;
			children = (
				6A82EE6B2664DD42005DCCE9 /* SwiftPagingDemo.app */,
			);
			name = Products;
			sourceTree = "<group>";
		};
		6A82EE6D2664DD42005DCCE9 /* SwiftPagingDemo */ = {
			isa = PBXGroup;
			children = (
				6A82EE6E2664DD42005DCCE9 /* AppDelegate.swift */,
				6A82EE702664DD42005DCCE9 /* SceneDelegate.swift */,
				6A82EE722664DD42005DCCE9 /* ViewController.swift */,
				6A82EE742664DD42005DCCE9 /* Main.storyboard */,
				6A82EE7A2664DD43005DCCE9 /* Assets.xcassets */,
				6A82EE7C2664DD43005DCCE9 /* LaunchScreen.storyboard */,
				6A82EE7F2664DD43005DCCE9 /* Info.plist */,
				6A82EE772664DD42005DCCE9 /* SwiftPagingDemo.xcdatamodeld */,
			);
			path = SwiftPagingDemo;
			sourceTree = "<group>";
		};
		6A82EE862664DDA6005DCCE9 /* Frameworks */ = {
			isa = PBXGroup;
			children = (
			);
			name = Frameworks;
			sourceTree = "<group>";
		};
/* End PBXGroup section */

/* Begin PBXNativeTarget section */
		6A82EE6A2664DD42005DCCE9 /* SwiftPagingDemo */ = {
			isa = PBXNativeTarget;
			buildConfigurationList = 6A82EE822664DD43005DCCE9 /* Build configuration list for PBXNativeTarget "SwiftPagingDemo" */;
			buildPhases = (
				6A82EE672664DD42005DCCE9 /* Sources */,
				6A82EE682664DD42005DCCE9 /* Frameworks */,
				6A82EE692664DD42005DCCE9 /* Resources */,
			);
			buildRules = (
			);
			dependencies = (
			);
			name = SwiftPagingDemo;
			packageProductDependencies = (
				6A82EE872664DDA6005DCCE9 /* SwiftPaging */,
				6A4068EF266663FA00C913D0 /* CombineDataSources */,
				6A26DDEC267107B400B12DF2 /* SwiftPagingDemoCommons */,
			);
			productName = SwiftPagingDemo;
			productReference = 6A82EE6B2664DD42005DCCE9 /* SwiftPagingDemo.app */;
			productType = "com.apple.product-type.application";
		};
/* End PBXNativeTarget section */

/* Begin PBXProject section */
		6A82EE632664DD42005DCCE9 /* Project object */ = {
			isa = PBXProject;
			attributes = {
				LastSwiftUpdateCheck = 1250;
				LastUpgradeCheck = 1250;
				TargetAttributes = {
					6A82EE6A2664DD42005DCCE9 = {
						CreatedOnToolsVersion = 12.5;
					};
				};
			};
			buildConfigurationList = 6A82EE662664DD42005DCCE9 /* Build configuration list for PBXProject "SwiftPagingDemo" */;
			compatibilityVersion = "Xcode 9.3";
			developmentRegion = en;
			hasScannedForEncodings = 0;
			knownRegions = (
				en,
				Base,
			);
			mainGroup = 6A82EE622664DD42005DCCE9;
			packageReferences = (
				6A4068EE266663FA00C913D0 /* XCRemoteSwiftPackageReference "CombineDataSources" */,
			);
			productRefGroup = 6A82EE6C2664DD42005DCCE9 /* Products */;
			projectDirPath = "";
			projectRoot = "";
			targets = (
				6A82EE6A2664DD42005DCCE9 /* SwiftPagingDemo */,
			);
		};
/* End PBXProject section */

/* Begin PBXResourcesBuildPhase section */
		6A82EE692664DD42005DCCE9 /* Resources */ = {
			isa = PBXResourcesBuildPhase;
			buildActionMask = 2147483647;
			files = (
				6A82EE7E2664DD43005DCCE9 /* LaunchScreen.storyboard in Resources */,
				6A82EE7B2664DD43005DCCE9 /* Assets.xcassets in Resources */,
				6A82EE762664DD42005DCCE9 /* Main.storyboard in Resources */,
			);
			runOnlyForDeploymentPostprocessing = 0;
		};
/* End PBXResourcesBuildPhase section */

/* Begin PBXSourcesBuildPhase section */
		6A82EE672664DD42005DCCE9 /* Sources */ = {
			isa = PBXSourcesBuildPhase;
			buildActionMask = 2147483647;
			files = (
				6A82EE792664DD42005DCCE9 /* SwiftPagingDemo.xcdatamodeld in Sources */,
				6A82EE732664DD42005DCCE9 /* ViewController.swift in Sources */,
				6A82EE6F2664DD42005DCCE9 /* AppDelegate.swift in Sources */,
				6A82EE712664DD42005DCCE9 /* SceneDelegate.swift in Sources */,
			);
			runOnlyForDeploymentPostprocessing = 0;
		};
/* End PBXSourcesBuildPhase section */

/* Begin PBXVariantGroup section */
		6A82EE742664DD42005DCCE9 /* Main.storyboard */ = {
			isa = PBXVariantGroup;
			children = (
				6A82EE752664DD42005DCCE9 /* Base */,
			);
			name = Main.storyboard;
			sourceTree = "<group>";
		};
		6A82EE7C2664DD43005DCCE9 /* LaunchScreen.storyboard */ = {
			isa = PBXVariantGroup;
			children = (
				6A82EE7D2664DD43005DCCE9 /* Base */,
			);
			name = LaunchScreen.storyboard;
			sourceTree = "<group>";
		};
/* End PBXVariantGroup section */

/* Begin XCBuildConfiguration section */
		6A82EE802664DD43005DCCE9 /* Debug */ = {
			isa = XCBuildConfiguration;
			buildSettings = {
				ALWAYS_SEARCH_USER_PATHS = NO;
				CLANG_ANALYZER_NONNULL = YES;
				CLANG_ANALYZER_NUMBER_OBJECT_CONVERSION = YES_AGGRESSIVE;
				CLANG_CXX_LANGUAGE_STANDARD = "gnu++14";
				CLANG_CXX_LIBRARY = "libc++";
				CLANG_ENABLE_MODULES = YES;
				CLANG_ENABLE_OBJC_ARC = YES;
				CLANG_ENABLE_OBJC_WEAK = YES;
				CLANG_WARN_BLOCK_CAPTURE_AUTORELEASING = YES;
				CLANG_WARN_BOOL_CONVERSION = YES;
				CLANG_WARN_COMMA = YES;
				CLANG_WARN_CONSTANT_CONVERSION = YES;
				CLANG_WARN_DEPRECATED_OBJC_IMPLEMENTATIONS = YES;
				CLANG_WARN_DIRECT_OBJC_ISA_USAGE = YES_ERROR;
				CLANG_WARN_DOCUMENTATION_COMMENTS = YES;
				CLANG_WARN_EMPTY_BODY = YES;
				CLANG_WARN_ENUM_CONVERSION = YES;
				CLANG_WARN_INFINITE_RECURSION = YES;
				CLANG_WARN_INT_CONVERSION = YES;
				CLANG_WARN_NON_LITERAL_NULL_CONVERSION = YES;
				CLANG_WARN_OBJC_IMPLICIT_RETAIN_SELF = YES;
				CLANG_WARN_OBJC_LITERAL_CONVERSION = YES;
				CLANG_WARN_OBJC_ROOT_CLASS = YES_ERROR;
				CLANG_WARN_QUOTED_INCLUDE_IN_FRAMEWORK_HEADER = YES;
				CLANG_WARN_RANGE_LOOP_ANALYSIS = YES;
				CLANG_WARN_STRICT_PROTOTYPES = YES;
				CLANG_WARN_SUSPICIOUS_MOVE = YES;
				CLANG_WARN_UNGUARDED_AVAILABILITY = YES_AGGRESSIVE;
				CLANG_WARN_UNREACHABLE_CODE = YES;
				CLANG_WARN__DUPLICATE_METHOD_MATCH = YES;
				COPY_PHASE_STRIP = NO;
				DEBUG_INFORMATION_FORMAT = dwarf;
				ENABLE_STRICT_OBJC_MSGSEND = YES;
				ENABLE_TESTABILITY = YES;
				GCC_C_LANGUAGE_STANDARD = gnu11;
				GCC_DYNAMIC_NO_PIC = NO;
				GCC_NO_COMMON_BLOCKS = YES;
				GCC_OPTIMIZATION_LEVEL = 0;
				GCC_PREPROCESSOR_DEFINITIONS = (
					"DEBUG=1",
					"$(inherited)",
				);
				GCC_WARN_64_TO_32_BIT_CONVERSION = YES;
				GCC_WARN_ABOUT_RETURN_TYPE = YES_ERROR;
				GCC_WARN_UNDECLARED_SELECTOR = YES;
				GCC_WARN_UNINITIALIZED_AUTOS = YES_AGGRESSIVE;
				GCC_WARN_UNUSED_FUNCTION = YES;
				GCC_WARN_UNUSED_VARIABLE = YES;
				IPHONEOS_DEPLOYMENT_TARGET = 14.5;
				MTL_ENABLE_DEBUG_INFO = INCLUDE_SOURCE;
				MTL_FAST_MATH = YES;
				ONLY_ACTIVE_ARCH = YES;
				SDKROOT = iphoneos;
				SWIFT_ACTIVE_COMPILATION_CONDITIONS = DEBUG;
				SWIFT_OPTIMIZATION_LEVEL = "-Onone";
			};
			name = Debug;
		};
		6A82EE812664DD43005DCCE9 /* Release */ = {
			isa = XCBuildConfiguration;
			buildSettings = {
				ALWAYS_SEARCH_USER_PATHS = NO;
				CLANG_ANALYZER_NONNULL = YES;
				CLANG_ANALYZER_NUMBER_OBJECT_CONVERSION = YES_AGGRESSIVE;
				CLANG_CXX_LANGUAGE_STANDARD = "gnu++14";
				CLANG_CXX_LIBRARY = "libc++";
				CLANG_ENABLE_MODULES = YES;
				CLANG_ENABLE_OBJC_ARC = YES;
				CLANG_ENABLE_OBJC_WEAK = YES;
				CLANG_WARN_BLOCK_CAPTURE_AUTORELEASING = YES;
				CLANG_WARN_BOOL_CONVERSION = YES;
				CLANG_WARN_COMMA = YES;
				CLANG_WARN_CONSTANT_CONVERSION = YES;
				CLANG_WARN_DEPRECATED_OBJC_IMPLEMENTATIONS = YES;
				CLANG_WARN_DIRECT_OBJC_ISA_USAGE = YES_ERROR;
				CLANG_WARN_DOCUMENTATION_COMMENTS = YES;
				CLANG_WARN_EMPTY_BODY = YES;
				CLANG_WARN_ENUM_CONVERSION = YES;
				CLANG_WARN_INFINITE_RECURSION = YES;
				CLANG_WARN_INT_CONVERSION = YES;
				CLANG_WARN_NON_LITERAL_NULL_CONVERSION = YES;
				CLANG_WARN_OBJC_IMPLICIT_RETAIN_SELF = YES;
				CLANG_WARN_OBJC_LITERAL_CONVERSION = YES;
				CLANG_WARN_OBJC_ROOT_CLASS = YES_ERROR;
				CLANG_WARN_QUOTED_INCLUDE_IN_FRAMEWORK_HEADER = YES;
				CLANG_WARN_RANGE_LOOP_ANALYSIS = YES;
				CLANG_WARN_STRICT_PROTOTYPES = YES;
				CLANG_WARN_SUSPICIOUS_MOVE = YES;
				CLANG_WARN_UNGUARDED_AVAILABILITY = YES_AGGRESSIVE;
				CLANG_WARN_UNREACHABLE_CODE = YES;
				CLANG_WARN__DUPLICATE_METHOD_MATCH = YES;
				COPY_PHASE_STRIP = NO;
				DEBUG_INFORMATION_FORMAT = "dwarf-with-dsym";
				ENABLE_NS_ASSERTIONS = NO;
				ENABLE_STRICT_OBJC_MSGSEND = YES;
				GCC_C_LANGUAGE_STANDARD = gnu11;
				GCC_NO_COMMON_BLOCKS = YES;
				GCC_WARN_64_TO_32_BIT_CONVERSION = YES;
				GCC_WARN_ABOUT_RETURN_TYPE = YES_ERROR;
				GCC_WARN_UNDECLARED_SELECTOR = YES;
				GCC_WARN_UNINITIALIZED_AUTOS = YES_AGGRESSIVE;
				GCC_WARN_UNUSED_FUNCTION = YES;
				GCC_WARN_UNUSED_VARIABLE = YES;
				IPHONEOS_DEPLOYMENT_TARGET = 14.5;
				MTL_ENABLE_DEBUG_INFO = NO;
				MTL_FAST_MATH = YES;
				SDKROOT = iphoneos;
				SWIFT_COMPILATION_MODE = wholemodule;
				SWIFT_OPTIMIZATION_LEVEL = "-O";
				VALIDATE_PRODUCT = YES;
			};
			name = Release;
		};
		6A82EE832664DD43005DCCE9 /* Debug */ = {
			isa = XCBuildConfiguration;
			buildSettings = {
				ASSETCATALOG_COMPILER_APPICON_NAME = AppIcon;
				ASSETCATALOG_COMPILER_GLOBAL_ACCENT_COLOR_NAME = AccentColor;
				CODE_SIGN_STYLE = Automatic;
				DEVELOPMENT_TEAM = N43KYHR3HM;
				INFOPLIST_FILE = SwiftPagingDemo/Info.plist;
				LD_RUNPATH_SEARCH_PATHS = (
					"$(inherited)",
					"@executable_path/Frameworks",
				);
				PRODUCT_BUNDLE_IDENTIFIER = net.globulus.SwiftPagingDemo;
				PRODUCT_NAME = "$(TARGET_NAME)";
				SWIFT_VERSION = 5.0;
				TARGETED_DEVICE_FAMILY = "1,2";
			};
			name = Debug;
		};
		6A82EE842664DD43005DCCE9 /* Release */ = {
			isa = XCBuildConfiguration;
			buildSettings = {
				ASSETCATALOG_COMPILER_APPICON_NAME = AppIcon;
				ASSETCATALOG_COMPILER_GLOBAL_ACCENT_COLOR_NAME = AccentColor;
				CODE_SIGN_STYLE = Automatic;
				DEVELOPMENT_TEAM = N43KYHR3HM;
				INFOPLIST_FILE = SwiftPagingDemo/Info.plist;
				LD_RUNPATH_SEARCH_PATHS = (
					"$(inherited)",
					"@executable_path/Frameworks",
				);
				PRODUCT_BUNDLE_IDENTIFIER = net.globulus.SwiftPagingDemo;
				PRODUCT_NAME = "$(TARGET_NAME)";
				SWIFT_VERSION = 5.0;
				TARGETED_DEVICE_FAMILY = "1,2";
			};
			name = Release;
		};
/* End XCBuildConfiguration section */

/* Begin XCConfigurationList section */
		6A82EE662664DD42005DCCE9 /* Build configuration list for PBXProject "SwiftPagingDemo" */ = {
			isa = XCConfigurationList;
			buildConfigurations = (
				6A82EE802664DD43005DCCE9 /* Debug */,
				6A82EE812664DD43005DCCE9 /* Release */,
			);
			defaultConfigurationIsVisible = 0;
			defaultConfigurationName = Release;
		};
		6A82EE822664DD43005DCCE9 /* Build configuration list for PBXNativeTarget "SwiftPagingDemo" */ = {
			isa = XCConfigurationList;
			buildConfigurations = (
				6A82EE832664DD43005DCCE9 /* Debug */,
				6A82EE842664DD43005DCCE9 /* Release */,
			);
			defaultConfigurationIsVisible = 0;
			defaultConfigurationName = Release;
		};
/* End XCConfigurationList section */

/* Begin XCRemoteSwiftPackageReference section */
		6A4068EE266663FA00C913D0 /* XCRemoteSwiftPackageReference "CombineDataSources" */ = {
			isa = XCRemoteSwiftPackageReference;
			repositoryURL = "https://github.com/combineopensource/CombineDataSources";
			requirement = {
				kind = upToNextMajorVersion;
				minimumVersion = 0.2.5;
			};
		};
/* End XCRemoteSwiftPackageReference section */

/* Begin XCSwiftPackageProductDependency section */
		6A26DDEC267107B400B12DF2 /* SwiftPagingDemoCommons */ = {
			isa = XCSwiftPackageProductDependency;
			productName = SwiftPagingDemoCommons;
		};
		6A4068EF266663FA00C913D0 /* CombineDataSources */ = {
			isa = XCSwiftPackageProductDependency;
			package = 6A4068EE266663FA00C913D0 /* XCRemoteSwiftPackageReference "CombineDataSources" */;
			productName = CombineDataSources;
		};
		6A82EE872664DDA6005DCCE9 /* SwiftPaging */ = {
			isa = XCSwiftPackageProductDependency;
			productName = SwiftPaging;
		};
/* End XCSwiftPackageProductDependency section */

/* Begin XCVersionGroup section */
		6A82EE772664DD42005DCCE9 /* SwiftPagingDemo.xcdatamodeld */ = {
			isa = XCVersionGroup;
			children = (
				6A82EE782664DD42005DCCE9 /* SwiftPagingDemo.xcdatamodel */,
			);
			currentVersion = 6A82EE782664DD42005DCCE9 /* SwiftPagingDemo.xcdatamodel */;
			path = SwiftPagingDemo.xcdatamodeld;
			sourceTree = "<group>";
			versionGroupType = wrapper.xcdatamodel;
		};
/* End XCVersionGroup section */
	};
	rootObject = 6A82EE632664DD42005DCCE9 /* Project object */;
}
